{
  "name": "docs",
  "version": "1.0.0",
  "lockfileVersion": 2,
  "requires": true,
  "packages": {
    "": {
      "name": "docs",
      "version": "1.0.0",
      "license": "ISC",
      "dependencies": {
        "retypeapp": "^1.10.0"
      }
    },
    "node_modules/retypeapp": {
      "version": "1.10.0",
      "resolved": "https://registry.npmjs.org/retypeapp/-/retypeapp-1.10.0.tgz",
      "integrity": "sha512-TyGnSl1e29yXW42c5VXrkeXKHavkmaRjwQydlkZTdA2p8fHSKEQS7FGYW4OOSjK/tPQ1FTfX7lmogF+4KEZZ4g==",
      "bin": {
        "retype": "retype.js"
      }
    }
  },
  "dependencies": {
    "retypeapp": {
      "version": "1.10.0",
      "resolved": "https://registry.npmjs.org/retypeapp/-/retypeapp-1.10.0.tgz",
      "integrity": "sha512-TyGnSl1e29yXW42c5VXrkeXKHavkmaRjwQydlkZTdA2p8fHSKEQS7FGYW4OOSjK/tPQ1FTfX7lmogF+4KEZZ4g=="
    }
  }
}
